// !$*UTF8*$!
{
	archiveVersion = 1;
	classes = {
	};
	objectVersion = 50;
	objects = {

/* Begin PBXBuildFile section */
		860A75BE22CDDD660022F24F /* MenuViewController.swift in Sources */ = {isa = PBXBuildFile; fileRef = 860A75BD22CDDD660022F24F /* MenuViewController.swift */; };
		864583042288250E00B1E941 /* AppDelegate.swift in Sources */ = {isa = PBXBuildFile; fileRef = 864583032288250E00B1E941 /* AppDelegate.swift */; };
		864583062288250E00B1E941 /* ViewController.swift in Sources */ = {isa = PBXBuildFile; fileRef = 864583052288250E00B1E941 /* ViewController.swift */; };
		864583092288250E00B1E941 /* Main.storyboard in Resources */ = {isa = PBXBuildFile; fileRef = 864583072288250E00B1E941 /* Main.storyboard */; };
		8645830B2288250F00B1E941 /* Assets.xcassets in Resources */ = {isa = PBXBuildFile; fileRef = 8645830A2288250F00B1E941 /* Assets.xcassets */; };
		8645830E2288250F00B1E941 /* LaunchScreen.storyboard in Resources */ = {isa = PBXBuildFile; fileRef = 8645830C2288250F00B1E941 /* LaunchScreen.storyboard */; };
		8645831722882C4500B1E941 /* kick.wav in Resources */ = {isa = PBXBuildFile; fileRef = 8645831622882C4500B1E941 /* kick.wav */; };
		8645831922882CDA00B1E941 /* snare.wav in Resources */ = {isa = PBXBuildFile; fileRef = 8645831822882CDA00B1E941 /* snare.wav */; };
		869657AF22884BA500BA8705 /* PlayAudio.swift in Sources */ = {isa = PBXBuildFile; fileRef = 869657AE22884BA500BA8705 /* PlayAudio.swift */; };
		869657B2228852B900BA8705 /* hat.wav in Resources */ = {isa = PBXBuildFile; fileRef = 869657B0228852B900BA8705 /* hat.wav */; };
		869657B3228852B900BA8705 /* cymbal.wav in Resources */ = {isa = PBXBuildFile; fileRef = 869657B1228852B900BA8705 /* cymbal.wav */; };
/* End PBXBuildFile section */

/* Begin PBXFileReference section */
		860A75BD22CDDD660022F24F /* MenuViewController.swift */ = {isa = PBXFileReference; lastKnownFileType = sourcecode.swift; path = MenuViewController.swift; sourceTree = "<group>"; };
		864583002288250E00B1E941 /* Simple Drum.app */ = {isa = PBXFileReference; explicitFileType = wrapper.application; includeInIndex = 0; path = "Simple Drum.app"; sourceTree = BUILT_PRODUCTS_DIR; };
		864583032288250E00B1E941 /* AppDelegate.swift */ = {isa = PBXFileReference; lastKnownFileType = sourcecode.swift; path = AppDelegate.swift; sourceTree = "<group>"; };
		864583052288250E00B1E941 /* ViewController.swift */ = {isa = PBXFileReference; lastKnownFileType = sourcecode.swift; path = ViewController.swift; sourceTree = "<group>"; };
		864583082288250E00B1E941 /* Base */ = {isa = PBXFileReference; lastKnownFileType = file.storyboard; name = Base; path = Base.lproj/Main.storyboard; sourceTree = "<group>"; };
		8645830A2288250F00B1E941 /* Assets.xcassets */ = {isa = PBXFileReference; lastKnownFileType = folder.assetcatalog; path = Assets.xcassets; sourceTree = "<group>"; };
		8645830D2288250F00B1E941 /* Base */ = {isa = PBXFileReference; lastKnownFileType = file.storyboard; name = Base; path = Base.lproj/LaunchScreen.storyboard; sourceTree = "<group>"; };
		8645830F2288250F00B1E941 /* Info.plist */ = {isa = PBXFileReference; lastKnownFileType = text.plist.xml; path = Info.plist; sourceTree = "<group>"; };
		8645831622882C4500B1E941 /* kick.wav */ = {isa = PBXFileReference; lastKnownFileType = audio.wav; path = kick.wav; sourceTree = "<group>"; };
		8645831822882CDA00B1E941 /* snare.wav */ = {isa = PBXFileReference; lastKnownFileType = audio.wav; path = snare.wav; sourceTree = "<group>"; };
		869657AE22884BA500BA8705 /* PlayAudio.swift */ = {isa = PBXFileReference; lastKnownFileType = sourcecode.swift; path = PlayAudio.swift; sourceTree = "<group>"; };
		869657B0228852B900BA8705 /* hat.wav */ = {isa = PBXFileReference; lastKnownFileType = audio.wav; path = hat.wav; sourceTree = "<group>"; };
		869657B1228852B900BA8705 /* cymbal.wav */ = {isa = PBXFileReference; lastKnownFileType = audio.wav; path = cymbal.wav; sourceTree = "<group>"; };
/* End PBXFileReference section */

/* Begin PBXFrameworksBuildPhase section */
		864582FD2288250E00B1E941 /* Frameworks */ = {
			isa = PBXFrameworksBuildPhase;
			buildActionMask = 2147483647;
			files = (
			);
			runOnlyForDeploymentPostprocessing = 0;
		};
/* End PBXFrameworksBuildPhase section */

/* Begin PBXGroup section */
		864582F72288250E00B1E941 = {
			isa = PBXGroup;
			children = (
				864583022288250E00B1E941 /* Simple Drum */,
				864583012288250E00B1E941 /* Products */,
			);
			sourceTree = "<group>";
		};
		864583012288250E00B1E941 /* Products */ = {
			isa = PBXGroup;
			children = (
				864583002288250E00B1E941 /* Simple Drum.app */,
			);
			name = Products;
			sourceTree = "<group>";
		};
		864583022288250E00B1E941 /* Simple Drum */ = {
			isa = PBXGroup;
			children = (
				8645831522882C0F00B1E941 /* sounds */,
				864583032288250E00B1E941 /* AppDelegate.swift */,
				864583052288250E00B1E941 /* ViewController.swift */,
				864583072288250E00B1E941 /* Main.storyboard */,
				8645830A2288250F00B1E941 /* Assets.xcassets */,
				8645830C2288250F00B1E941 /* LaunchScreen.storyboard */,
				8645830F2288250F00B1E941 /* Info.plist */,
				869657AE22884BA500BA8705 /* PlayAudio.swift */,
				860A75BD22CDDD660022F24F /* MenuViewController.swift */,
			);
			path = "Simple Drum";
			sourceTree = "<group>";
		};
		8645831522882C0F00B1E941 /* sounds */ = {
			isa = PBXGroup;
			children = (
				869657B1228852B900BA8705 /* cymbal.wav */,
				869657B0228852B900BA8705 /* hat.wav */,
				8645831822882CDA00B1E941 /* snare.wav */,
				8645831622882C4500B1E941 /* kick.wav */,
			);
			path = sounds;
			sourceTree = "<group>";
		};
/* End PBXGroup section */

/* Begin PBXNativeTarget section */
		864582FF2288250E00B1E941 /* Simple Drum */ = {
			isa = PBXNativeTarget;
			buildConfigurationList = 864583122288250F00B1E941 /* Build configuration list for PBXNativeTarget "Simple Drum" */;
			buildPhases = (
				864582FC2288250E00B1E941 /* Sources */,
				864582FD2288250E00B1E941 /* Frameworks */,
				864582FE2288250E00B1E941 /* Resources */,
			);
			buildRules = (
			);
			dependencies = (
			);
			name = "Simple Drum";
			productName = "Simple Drum";
			productReference = 864583002288250E00B1E941 /* Simple Drum.app */;
			productType = "com.apple.product-type.application";
		};
/* End PBXNativeTarget section */

/* Begin PBXProject section */
		864582F82288250E00B1E941 /* Project object */ = {
			isa = PBXProject;
			attributes = {
				LastSwiftUpdateCheck = 1010;
				LastUpgradeCheck = 1010;
				ORGANIZATIONNAME = "Philip Sumpton";
				TargetAttributes = {
					864582FF2288250E00B1E941 = {
						CreatedOnToolsVersion = 10.1;
					};
				};
			};
			buildConfigurationList = 864582FB2288250E00B1E941 /* Build configuration list for PBXProject "Simple Drum" */;
			compatibilityVersion = "Xcode 9.3";
			developmentRegion = en;
			hasScannedForEncodings = 0;
			knownRegions = (
				en,
				Base,
			);
			mainGroup = 864582F72288250E00B1E941;
			productRefGroup = 864583012288250E00B1E941 /* Products */;
			projectDirPath = "";
			projectRoot = "";
			targets = (
				864582FF2288250E00B1E941 /* Simple Drum */,
			);
		};
/* End PBXProject section */

/* Begin PBXResourcesBuildPhase section */
		864582FE2288250E00B1E941 /* Resources */ = {
			isa = PBXResourcesBuildPhase;
			buildActionMask = 2147483647;
			files = (
				869657B2228852B900BA8705 /* hat.wav in Resources */,
				869657B3228852B900BA8705 /* cymbal.wav in Resources */,
				8645830E2288250F00B1E941 /* LaunchScreen.storyboard in Resources */,
				8645830B2288250F00B1E941 /* Assets.xcassets in Resources */,
				8645831722882C4500B1E941 /* kick.wav in Resources */,
				8645831922882CDA00B1E941 /* snare.wav in Resources */,
				864583092288250E00B1E941 /* Main.storyboard in Resources */,
			);
			runOnlyForDeploymentPostprocessing = 0;
		};
/* End PBXResourcesBuildPhase section */

/* Begin PBXSourcesBuildPhase section */
		864582FC2288250E00B1E941 /* Sources */ = {
			isa = PBXSourcesBuildPhase;
			buildActionMask = 2147483647;
			files = (
				864583062288250E00B1E941 /* ViewController.swift in Sources */,
				864583042288250E00B1E941 /* AppDelegate.swift in Sources */,
				869657AF22884BA500BA8705 /* PlayAudio.swift in Sources */,
				860A75BE22CDDD660022F24F /* MenuViewController.swift in Sources */,
			);
			runOnlyForDeploymentPostprocessing = 0;
		};
/* End PBXSourcesBuildPhase section */

/* Begin PBXVariantGroup section */
		864583072288250E00B1E941 /* Main.storyboard */ = {
			isa = PBXVariantGroup;
			children = (
				864583082288250E00B1E941 /* Base */,
			);
			name = Main.storyboard;
			sourceTree = "<group>";
		};
		8645830C2288250F00B1E941 /* LaunchScreen.storyboard */ = {
			isa = PBXVariantGroup;
			children = (
				8645830D2288250F00B1E941 /* Base */,
			);
			name = LaunchScreen.storyboard;
			sourceTree = "<group>";
		};
/* End PBXVariantGroup section */

/* Begin XCBuildConfiguration section */
		864583102288250F00B1E941 /* Debug */ = {
			isa = XCBuildConfiguration;
			buildSettings = {
				ALWAYS_SEARCH_USER_PATHS = NO;
				CLANG_ANALYZER_NONNULL = YES;
				CLANG_ANALYZER_NUMBER_OBJECT_CONVERSION = YES_AGGRESSIVE;
				CLANG_CXX_LANGUAGE_STANDARD = "gnu++14";
				CLANG_CXX_LIBRARY = "libc++";
				CLANG_ENABLE_MODULES = YES;
				CLANG_ENABLE_OBJC_ARC = YES;
				CLANG_ENABLE_OBJC_WEAK = YES;
				CLANG_WARN_BLOCK_CAPTURE_AUTORELEASING = YES;
				CLANG_WARN_BOOL_CONVERSION = YES;
				CLANG_WARN_COMMA = YES;
				CLANG_WARN_CONSTANT_CONVERSION = YES;
				CLANG_WARN_DEPRECATED_OBJC_IMPLEMENTATIONS = YES;
				CLANG_WARN_DIRECT_OBJC_ISA_USAGE = YES_ERROR;
				CLANG_WARN_DOCUMENTATION_COMMENTS = YES;
				CLANG_WARN_EMPTY_BODY = YES;
				CLANG_WARN_ENUM_CONVERSION = YES;
				CLANG_WARN_INFINITE_RECURSION = YES;
				CLANG_WARN_INT_CONVERSION = YES;
				CLANG_WARN_NON_LITERAL_NULL_CONVERSION = YES;
				CLANG_WARN_OBJC_IMPLICIT_RETAIN_SELF = YES;
				CLANG_WARN_OBJC_LITERAL_CONVERSION = YES;
				CLANG_WARN_OBJC_ROOT_CLASS = YES_ERROR;
				CLANG_WARN_RANGE_LOOP_ANALYSIS = YES;
				CLANG_WARN_STRICT_PROTOTYPES = YES;
				CLANG_WARN_SUSPICIOUS_MOVE = YES;
				CLANG_WARN_UNGUARDED_AVAILABILITY = YES_AGGRESSIVE;
				CLANG_WARN_UNREACHABLE_CODE = YES;
				CLANG_WARN__DUPLICATE_METHOD_MATCH = YES;
				CODE_SIGN_IDENTITY = "iPhone Developer";
				COPY_PHASE_STRIP = NO;
				DEBUG_INFORMATION_FORMAT = dwarf;
				ENABLE_STRICT_OBJC_MSGSEND = YES;
				ENABLE_TESTABILITY = YES;
				GCC_C_LANGUAGE_STANDARD = gnu11;
				GCC_DYNAMIC_NO_PIC = NO;
				GCC_NO_COMMON_BLOCKS = YES;
				GCC_OPTIMIZATION_LEVEL = 0;
				GCC_PREPROCESSOR_DEFINITIONS = (
					"DEBUG=1",
					"$(inherited)",
				);
				GCC_WARN_64_TO_32_BIT_CONVERSION = YES;
				GCC_WARN_ABOUT_RETURN_TYPE = YES_ERROR;
				GCC_WARN_UNDECLARED_SELECTOR = YES;
				GCC_WARN_UNINITIALIZED_AUTOS = YES_AGGRESSIVE;
				GCC_WARN_UNUSED_FUNCTION = YES;
				GCC_WARN_UNUSED_VARIABLE = YES;
				IPHONEOS_DEPLOYMENT_TARGET = 12.1;
				MTL_ENABLE_DEBUG_INFO = INCLUDE_SOURCE;
				MTL_FAST_MATH = YES;
				ONLY_ACTIVE_ARCH = YES;
				SDKROOT = iphoneos;
				SWIFT_ACTIVE_COMPILATION_CONDITIONS = DEBUG;
				SWIFT_OPTIMIZATION_LEVEL = "-Onone";
			};
			name = Debug;
		};
		864583112288250F00B1E941 /* Release */ = {
			isa = XCBuildConfiguration;
			buildSettings = {
				ALWAYS_SEARCH_USER_PATHS = NO;
				CLANG_ANALYZER_NONNULL = YES;
				CLANG_ANALYZER_NUMBER_OBJECT_CONVERSION = YES_AGGRESSIVE;
				CLANG_CXX_LANGUAGE_STANDARD = "gnu++14";
				CLANG_CXX_LIBRARY = "libc++";
				CLANG_ENABLE_MODULES = YES;
				CLANG_ENABLE_OBJC_ARC = YES;
				CLANG_ENABLE_OBJC_WEAK = YES;
				CLANG_WARN_BLOCK_CAPTURE_AUTORELEASING = YES;
				CLANG_WARN_BOOL_CONVERSION = YES;
				CLANG_WARN_COMMA = YES;
				CLANG_WARN_CONSTANT_CONVERSION = YES;
				CLANG_WARN_DEPRECATED_OBJC_IMPLEMENTATIONS = YES;
				CLANG_WARN_DIRECT_OBJC_ISA_USAGE = YES_ERROR;
				CLANG_WARN_DOCUMENTATION_COMMENTS = YES;
				CLANG_WARN_EMPTY_BODY = YES;
				CLANG_WARN_ENUM_CONVERSION = YES;
				CLANG_WARN_INFINITE_RECURSION = YES;
				CLANG_WARN_INT_CONVERSION = YES;
				CLANG_WARN_NON_LITERAL_NULL_CONVERSION = YES;
				CLANG_WARN_OBJC_IMPLICIT_RETAIN_SELF = YES;
				CLANG_WARN_OBJC_LITERAL_CONVERSION = YES;
				CLANG_WARN_OBJC_ROOT_CLASS = YES_ERROR;
				CLANG_WARN_RANGE_LOOP_ANALYSIS = YES;
				CLANG_WARN_STRICT_PROTOTYPES = YES;
				CLANG_WARN_SUSPICIOUS_MOVE = YES;
				CLANG_WARN_UNGUARDED_AVAILABILITY = YES_AGGRESSIVE;
				CLANG_WARN_UNREACHABLE_CODE = YES;
				CLANG_WARN__DUPLICATE_METHOD_MATCH = YES;
				CODE_SIGN_IDENTITY = "iPhone Developer";
				COPY_PHASE_STRIP = NO;
				DEBUG_INFORMATION_FORMAT = "dwarf-with-dsym";
				ENABLE_NS_ASSERTIONS = NO;
				ENABLE_STRICT_OBJC_MSGSEND = YES;
				GCC_C_LANGUAGE_STANDARD = gnu11;
				GCC_NO_COMMON_BLOCKS = YES;
				GCC_WARN_64_TO_32_BIT_CONVERSION = YES;
				GCC_WARN_ABOUT_RETURN_TYPE = YES_ERROR;
				GCC_WARN_UNDECLARED_SELECTOR = YES;
				GCC_WARN_UNINITIALIZED_AUTOS = YES_AGGRESSIVE;
				GCC_WARN_UNUSED_FUNCTION = YES;
				GCC_WARN_UNUSED_VARIABLE = YES;
				IPHONEOS_DEPLOYMENT_TARGET = 12.1;
				MTL_ENABLE_DEBUG_INFO = NO;
				MTL_FAST_MATH = YES;
				SDKROOT = iphoneos;
				SWIFT_COMPILATION_MODE = wholemodule;
				SWIFT_OPTIMIZATION_LEVEL = "-O";
				VALIDATE_PRODUCT = YES;
			};
			name = Release;
		};
		864583132288250F00B1E941 /* Debug */ = {
			isa = XCBuildConfiguration;
			buildSettings = {
				ASSETCATALOG_COMPILER_APPICON_NAME = AppIcon;
				CODE_SIGN_IDENTITY = "iPhone Developer";
				CODE_SIGN_STYLE = Automatic;
				DEVELOPMENT_TEAM = X6769LKLZX;
				INFOPLIST_FILE = "Simple Drum/Info.plist";
				IPHONEOS_DEPLOYMENT_TARGET = 12.0;
				LD_RUNPATH_SEARCH_PATHS = (
					"$(inherited)",
					"@executable_path/Frameworks",
				);
				PRODUCT_BUNDLE_IDENTIFIER = "com.philsumpton.Simple-Drum";
				PRODUCT_NAME = "$(TARGET_NAME)";
				PROVISIONING_PROFILE_SPECIFIER = "";
				SWIFT_VERSION = 4.2;
				TARGETED_DEVICE_FAMILY = "1,2";
			};
			name = Debug;
		};
		864583142288250F00B1E941 /* Release */ = {
			isa = XCBuildConfiguration;
			buildSettings = {
				ASSETCATALOG_COMPILER_APPICON_NAME = AppIcon;
				CODE_SIGN_IDENTITY = "iPhone Developer";
				CODE_SIGN_STYLE = Automatic;
				DEVELOPMENT_TEAM = X6769LKLZX;
				INFOPLIST_FILE = "Simple Drum/Info.plist";
				IPHONEOS_DEPLOYMENT_TARGET = 12.0;
				LD_RUNPATH_SEARCH_PATHS = (
					"$(inherited)",
					"@executable_path/Frameworks",
				);
				PRODUCT_BUNDLE_IDENTIFIER = "com.philsumpton.Simple-Drum";
				PRODUCT_NAME = "$(TARGET_NAME)";
				PROVISIONING_PROFILE_SPECIFIER = "";
				SWIFT_VERSION = 4.2;
				TARGETED_DEVICE_FAMILY = "1,2";
			};
			name = Release;
		};
/* End XCBuildConfiguration section */

/* Begin XCConfigurationList section */
		864582FB2288250E00B1E941 /* Build configuration list for PBXProject "Simple Drum" */ = {
			isa = XCConfigurationList;
			buildConfigurations = (
				864583102288250F00B1E941 /* Debug */,
				864583112288250F00B1E941 /* Release */,
			);
			defaultConfigurationIsVisible = 0;
			defaultConfigurationName = Release;
		};
		864583122288250F00B1E941 /* Build configuration list for PBXNativeTarget "Simple Drum" */ = {
			isa = XCConfigurationList;
			buildConfigurations = (
				864583132288250F00B1E941 /* Debug */,
				864583142288250F00B1E941 /* Release */,
			);
			defaultConfigurationIsVisible = 0;
			defaultConfigurationName = Release;
		};
/* End XCConfigurationList section */
	};
	rootObject = 864582F82288250E00B1E941 /* Project object */;
}
